// !$*UTF8*$!
{
	archiveVersion = 1;
	classes = {
	};
	objectVersion = 56;
	objects = {

/* Begin PBXBuildFile section */
		E48D57D32B4EF82C006DC1C4 /* AppDelegate.swift in Sources */ = {isa = PBXBuildFile; fileRef = E48D57D22B4EF82C006DC1C4 /* AppDelegate.swift */; };
		E48D57D52B4EF82C006DC1C4 /* SceneDelegate.swift in Sources */ = {isa = PBXBuildFile; fileRef = E48D57D42B4EF82C006DC1C4 /* SceneDelegate.swift */; };
		E48D57D72B4EF82C006DC1C4 /* HomeViewController.swift in Sources */ = {isa = PBXBuildFile; fileRef = E48D57D62B4EF82C006DC1C4 /* HomeViewController.swift */; };
		E48D57DC2B4EF82D006DC1C4 /* Assets.xcassets in Resources */ = {isa = PBXBuildFile; fileRef = E48D57DB2B4EF82D006DC1C4 /* Assets.xcassets */; };
		E48D57DF2B4EF82D006DC1C4 /* LaunchScreen.storyboard in Resources */ = {isa = PBXBuildFile; fileRef = E48D57DD2B4EF82D006DC1C4 /* LaunchScreen.storyboard */; };
		E48D57E72B4EF937006DC1C4 /* BookmarksViewController.swift in Sources */ = {isa = PBXBuildFile; fileRef = E48D57E62B4EF937006DC1C4 /* BookmarksViewController.swift */; };
		E48D57E92B4EF94B006DC1C4 /* GameViewController.swift in Sources */ = {isa = PBXBuildFile; fileRef = E48D57E82B4EF94B006DC1C4 /* GameViewController.swift */; };
		E48D57EB2B4EF958006DC1C4 /* CustomPopupViewController.swift in Sources */ = {isa = PBXBuildFile; fileRef = E48D57EA2B4EF958006DC1C4 /* CustomPopupViewController.swift */; };
		E48D57ED2B4EF964006DC1C4 /* ArtikelData.swift in Sources */ = {isa = PBXBuildFile; fileRef = E48D57EC2B4EF964006DC1C4 /* ArtikelData.swift */; };
		E48D57EF2B4EFBEE006DC1C4 /* ArtikelTableViewCell.swift in Sources */ = {isa = PBXBuildFile; fileRef = E48D57EE2B4EFBEE006DC1C4 /* ArtikelTableViewCell.swift */; };
		E48D57F12B4EFD16006DC1C4 /* TabViewController.swift in Sources */ = {isa = PBXBuildFile; fileRef = E48D57F02B4EFD16006DC1C4 /* TabViewController.swift */; };
/* End PBXBuildFile section */

/* Begin PBXFileReference section */
		E48D57CF2B4EF82C006DC1C4 /* DerDieDas.app */ = {isa = PBXFileReference; explicitFileType = wrapper.application; includeInIndex = 0; path = DerDieDas.app; sourceTree = BUILT_PRODUCTS_DIR; };
		E48D57D22B4EF82C006DC1C4 /* AppDelegate.swift */ = {isa = PBXFileReference; lastKnownFileType = sourcecode.swift; path = AppDelegate.swift; sourceTree = "<group>"; };
		E48D57D42B4EF82C006DC1C4 /* SceneDelegate.swift */ = {isa = PBXFileReference; lastKnownFileType = sourcecode.swift; path = SceneDelegate.swift; sourceTree = "<group>"; };
		E48D57D62B4EF82C006DC1C4 /* HomeViewController.swift */ = {isa = PBXFileReference; lastKnownFileType = sourcecode.swift; path = HomeViewController.swift; sourceTree = "<group>"; };
		E48D57DB2B4EF82D006DC1C4 /* Assets.xcassets */ = {isa = PBXFileReference; lastKnownFileType = folder.assetcatalog; path = Assets.xcassets; sourceTree = "<group>"; };
		E48D57DE2B4EF82D006DC1C4 /* Base */ = {isa = PBXFileReference; lastKnownFileType = file.storyboard; name = Base; path = Base.lproj/LaunchScreen.storyboard; sourceTree = "<group>"; };
		E48D57E02B4EF82D006DC1C4 /* Info.plist */ = {isa = PBXFileReference; lastKnownFileType = text.plist.xml; path = Info.plist; sourceTree = "<group>"; };
		E48D57E62B4EF937006DC1C4 /* BookmarksViewController.swift */ = {isa = PBXFileReference; lastKnownFileType = sourcecode.swift; path = BookmarksViewController.swift; sourceTree = "<group>"; };
		E48D57E82B4EF94B006DC1C4 /* GameViewController.swift */ = {isa = PBXFileReference; lastKnownFileType = sourcecode.swift; path = GameViewController.swift; sourceTree = "<group>"; };
		E48D57EA2B4EF958006DC1C4 /* CustomPopupViewController.swift */ = {isa = PBXFileReference; lastKnownFileType = sourcecode.swift; path = CustomPopupViewController.swift; sourceTree = "<group>"; };
		E48D57EC2B4EF964006DC1C4 /* ArtikelData.swift */ = {isa = PBXFileReference; lastKnownFileType = sourcecode.swift; path = ArtikelData.swift; sourceTree = "<group>"; };
		E48D57EE2B4EFBEE006DC1C4 /* ArtikelTableViewCell.swift */ = {isa = PBXFileReference; lastKnownFileType = sourcecode.swift; path = ArtikelTableViewCell.swift; sourceTree = "<group>"; };
		E48D57F02B4EFD16006DC1C4 /* TabViewController.swift */ = {isa = PBXFileReference; lastKnownFileType = sourcecode.swift; path = TabViewController.swift; sourceTree = "<group>"; };
/* End PBXFileReference section */

/* Begin PBXFrameworksBuildPhase section */
		E48D57CC2B4EF82C006DC1C4 /* Frameworks */ = {
			isa = PBXFrameworksBuildPhase;
			buildActionMask = 2147483647;
			files = (
			);
			runOnlyForDeploymentPostprocessing = 0;
		};
/* End PBXFrameworksBuildPhase section */

/* Begin PBXGroup section */
		E48D57C62B4EF82C006DC1C4 = {
			isa = PBXGroup;
			children = (
				E48D57D12B4EF82C006DC1C4 /* DerDieDas */,
				E48D57D02B4EF82C006DC1C4 /* Products */,
			);
			sourceTree = "<group>";
		};
		E48D57D02B4EF82C006DC1C4 /* Products */ = {
			isa = PBXGroup;
			children = (
				E48D57CF2B4EF82C006DC1C4 /* DerDieDas.app */,
			);
			name = Products;
			sourceTree = "<group>";
		};
		E48D57D12B4EF82C006DC1C4 /* DerDieDas */ = {
			isa = PBXGroup;
			children = (
				E48D57F52B4F4FDE006DC1C4 /* ViewControllers */,
				E48D57F42B4F4FD4006DC1C4 /* Cells */,
				E48D57F32B4F4FBC006DC1C4 /* TabBar */,
				E48D57F22B4F4FA8006DC1C4 /* Other */,
				E48D57EC2B4EF964006DC1C4 /* ArtikelData.swift */,
				E48D57E02B4EF82D006DC1C4 /* Info.plist */,
			);
			path = DerDieDas;
			sourceTree = "<group>";
		};
		E48D57F22B4F4FA8006DC1C4 /* Other */ = {
			isa = PBXGroup;
			children = (
				E48D57D22B4EF82C006DC1C4 /* AppDelegate.swift */,
				E48D57D42B4EF82C006DC1C4 /* SceneDelegate.swift */,
				E48D57DB2B4EF82D006DC1C4 /* Assets.xcassets */,
				E48D57DD2B4EF82D006DC1C4 /* LaunchScreen.storyboard */,
			);
			path = Other;
			sourceTree = "<group>";
		};
		E48D57F32B4F4FBC006DC1C4 /* TabBar */ = {
			isa = PBXGroup;
			children = (
				E48D57F02B4EFD16006DC1C4 /* TabViewController.swift */,
			);
			path = TabBar;
			sourceTree = "<group>";
		};
		E48D57F42B4F4FD4006DC1C4 /* Cells */ = {
			isa = PBXGroup;
			children = (
				E48D57EE2B4EFBEE006DC1C4 /* ArtikelTableViewCell.swift */,
			);
			path = Cells;
			sourceTree = "<group>";
		};
		E48D57F52B4F4FDE006DC1C4 /* ViewControllers */ = {
			isa = PBXGroup;
			children = (
				E48D57D62B4EF82C006DC1C4 /* HomeViewController.swift */,
				E48D57E62B4EF937006DC1C4 /* BookmarksViewController.swift */,
				E48D57E82B4EF94B006DC1C4 /* GameViewController.swift */,
				E48D57EA2B4EF958006DC1C4 /* CustomPopupViewController.swift */,
			);
			path = ViewControllers;
			sourceTree = "<group>";
		};
/* End PBXGroup section */

/* Begin PBXNativeTarget section */
		E48D57CE2B4EF82C006DC1C4 /* DerDieDas */ = {
			isa = PBXNativeTarget;
			buildConfigurationList = E48D57E32B4EF82D006DC1C4 /* Build configuration list for PBXNativeTarget "DerDieDas" */;
			buildPhases = (
				E48D57CB2B4EF82C006DC1C4 /* Sources */,
				E48D57CC2B4EF82C006DC1C4 /* Frameworks */,
				E48D57CD2B4EF82C006DC1C4 /* Resources */,
			);
			buildRules = (
			);
			dependencies = (
			);
			name = DerDieDas;
			productName = DerDieDas;
			productReference = E48D57CF2B4EF82C006DC1C4 /* DerDieDas.app */;
			productType = "com.apple.product-type.application";
		};
/* End PBXNativeTarget section */

/* Begin PBXProject section */
		E48D57C72B4EF82C006DC1C4 /* Project object */ = {
			isa = PBXProject;
			attributes = {
				BuildIndependentTargetsInParallel = 1;
				LastSwiftUpdateCheck = 1430;
				LastUpgradeCheck = 1430;
				TargetAttributes = {
					E48D57CE2B4EF82C006DC1C4 = {
						CreatedOnToolsVersion = 14.3.1;
					};
				};
			};
			buildConfigurationList = E48D57CA2B4EF82C006DC1C4 /* Build configuration list for PBXProject "DerDieDas" */;
			compatibilityVersion = "Xcode 14.0";
			developmentRegion = en;
			hasScannedForEncodings = 0;
			knownRegions = (
				en,
				Base,
			);
			mainGroup = E48D57C62B4EF82C006DC1C4;
			productRefGroup = E48D57D02B4EF82C006DC1C4 /* Products */;
			projectDirPath = "";
			projectRoot = "";
			targets = (
				E48D57CE2B4EF82C006DC1C4 /* DerDieDas */,
			);
		};
/* End PBXProject section */

/* Begin PBXResourcesBuildPhase section */
		E48D57CD2B4EF82C006DC1C4 /* Resources */ = {
			isa = PBXResourcesBuildPhase;
			buildActionMask = 2147483647;
			files = (
				E48D57DF2B4EF82D006DC1C4 /* LaunchScreen.storyboard in Resources */,
				E48D57DC2B4EF82D006DC1C4 /* Assets.xcassets in Resources */,
			);
			runOnlyForDeploymentPostprocessing = 0;
		};
/* End PBXResourcesBuildPhase section */

/* Begin PBXSourcesBuildPhase section */
		E48D57CB2B4EF82C006DC1C4 /* Sources */ = {
			isa = PBXSourcesBuildPhase;
			buildActionMask = 2147483647;
			files = (
				E48D57EB2B4EF958006DC1C4 /* CustomPopupViewController.swift in Sources */,
				E48D57E92B4EF94B006DC1C4 /* GameViewController.swift in Sources */,
				E48D57E72B4EF937006DC1C4 /* BookmarksViewController.swift in Sources */,
				E48D57D72B4EF82C006DC1C4 /* HomeViewController.swift in Sources */,
				E48D57EF2B4EFBEE006DC1C4 /* ArtikelTableViewCell.swift in Sources */,
				E48D57D32B4EF82C006DC1C4 /* AppDelegate.swift in Sources */,
				E48D57F12B4EFD16006DC1C4 /* TabViewController.swift in Sources */,
				E48D57ED2B4EF964006DC1C4 /* ArtikelData.swift in Sources */,
				E48D57D52B4EF82C006DC1C4 /* SceneDelegate.swift in Sources */,
			);
			runOnlyForDeploymentPostprocessing = 0;
		};
/* End PBXSourcesBuildPhase section */

/* Begin PBXVariantGroup section */
		E48D57DD2B4EF82D006DC1C4 /* LaunchScreen.storyboard */ = {
			isa = PBXVariantGroup;
			children = (
				E48D57DE2B4EF82D006DC1C4 /* Base */,
			);
			name = LaunchScreen.storyboard;
			sourceTree = "<group>";
		};
/* End PBXVariantGroup section */

/* Begin XCBuildConfiguration section */
		E48D57E12B4EF82D006DC1C4 /* Debug */ = {
			isa = XCBuildConfiguration;
			buildSettings = {
				ALWAYS_SEARCH_USER_PATHS = NO;
				CLANG_ANALYZER_NONNULL = YES;
				CLANG_ANALYZER_NUMBER_OBJECT_CONVERSION = YES_AGGRESSIVE;
				CLANG_CXX_LANGUAGE_STANDARD = "gnu++20";
				CLANG_ENABLE_MODULES = YES;
				CLANG_ENABLE_OBJC_ARC = YES;
				CLANG_ENABLE_OBJC_WEAK = YES;
				CLANG_WARN_BLOCK_CAPTURE_AUTORELEASING = YES;
				CLANG_WARN_BOOL_CONVERSION = YES;
				CLANG_WARN_COMMA = YES;
				CLANG_WARN_CONSTANT_CONVERSION = YES;
				CLANG_WARN_DEPRECATED_OBJC_IMPLEMENTATIONS = YES;
				CLANG_WARN_DIRECT_OBJC_ISA_USAGE = YES_ERROR;
				CLANG_WARN_DOCUMENTATION_COMMENTS = YES;
				CLANG_WARN_EMPTY_BODY = YES;
				CLANG_WARN_ENUM_CONVERSION = YES;
				CLANG_WARN_INFINITE_RECURSION = YES;
				CLANG_WARN_INT_CONVERSION = YES;
				CLANG_WARN_NON_LITERAL_NULL_CONVERSION = YES;
				CLANG_WARN_OBJC_IMPLICIT_RETAIN_SELF = YES;
				CLANG_WARN_OBJC_LITERAL_CONVERSION = YES;
				CLANG_WARN_OBJC_ROOT_CLASS = YES_ERROR;
				CLANG_WARN_QUOTED_INCLUDE_IN_FRAMEWORK_HEADER = YES;
				CLANG_WARN_RANGE_LOOP_ANALYSIS = YES;
				CLANG_WARN_STRICT_PROTOTYPES = YES;
				CLANG_WARN_SUSPICIOUS_MOVE = YES;
				CLANG_WARN_UNGUARDED_AVAILABILITY = YES_AGGRESSIVE;
				CLANG_WARN_UNREACHABLE_CODE = YES;
				CLANG_WARN__DUPLICATE_METHOD_MATCH = YES;
				COPY_PHASE_STRIP = NO;
				DEBUG_INFORMATION_FORMAT = dwarf;
				ENABLE_STRICT_OBJC_MSGSEND = YES;
				ENABLE_TESTABILITY = YES;
				GCC_C_LANGUAGE_STANDARD = gnu11;
				GCC_DYNAMIC_NO_PIC = NO;
				GCC_NO_COMMON_BLOCKS = YES;
				GCC_OPTIMIZATION_LEVEL = 0;
				GCC_PREPROCESSOR_DEFINITIONS = (
					"DEBUG=1",
					"$(inherited)",
				);
				GCC_WARN_64_TO_32_BIT_CONVERSION = YES;
				GCC_WARN_ABOUT_RETURN_TYPE = YES_ERROR;
				GCC_WARN_UNDECLARED_SELECTOR = YES;
				GCC_WARN_UNINITIALIZED_AUTOS = YES_AGGRESSIVE;
				GCC_WARN_UNUSED_FUNCTION = YES;
				GCC_WARN_UNUSED_VARIABLE = YES;
				IPHONEOS_DEPLOYMENT_TARGET = 16.4;
				MTL_ENABLE_DEBUG_INFO = INCLUDE_SOURCE;
				MTL_FAST_MATH = YES;
				ONLY_ACTIVE_ARCH = YES;
				SDKROOT = iphoneos;
				SWIFT_ACTIVE_COMPILATION_CONDITIONS = DEBUG;
				SWIFT_OPTIMIZATION_LEVEL = "-Onone";
			};
			name = Debug;
		};
		E48D57E22B4EF82D006DC1C4 /* Release */ = {
			isa = XCBuildConfiguration;
			buildSettings = {
				ALWAYS_SEARCH_USER_PATHS = NO;
				CLANG_ANALYZER_NONNULL = YES;
				CLANG_ANALYZER_NUMBER_OBJECT_CONVERSION = YES_AGGRESSIVE;
				CLANG_CXX_LANGUAGE_STANDARD = "gnu++20";
				CLANG_ENABLE_MODULES = YES;
				CLANG_ENABLE_OBJC_ARC = YES;
				CLANG_ENABLE_OBJC_WEAK = YES;
				CLANG_WARN_BLOCK_CAPTURE_AUTORELEASING = YES;
				CLANG_WARN_BOOL_CONVERSION = YES;
				CLANG_WARN_COMMA = YES;
				CLANG_WARN_CONSTANT_CONVERSION = YES;
				CLANG_WARN_DEPRECATED_OBJC_IMPLEMENTATIONS = YES;
				CLANG_WARN_DIRECT_OBJC_ISA_USAGE = YES_ERROR;
				CLANG_WARN_DOCUMENTATION_COMMENTS = YES;
				CLANG_WARN_EMPTY_BODY = YES;
				CLANG_WARN_ENUM_CONVERSION = YES;
				CLANG_WARN_INFINITE_RECURSION = YES;
				CLANG_WARN_INT_CONVERSION = YES;
				CLANG_WARN_NON_LITERAL_NULL_CONVERSION = YES;
				CLANG_WARN_OBJC_IMPLICIT_RETAIN_SELF = YES;
				CLANG_WARN_OBJC_LITERAL_CONVERSION = YES;
				CLANG_WARN_OBJC_ROOT_CLASS = YES_ERROR;
				CLANG_WARN_QUOTED_INCLUDE_IN_FRAMEWORK_HEADER = YES;
				CLANG_WARN_RANGE_LOOP_ANALYSIS = YES;
				CLANG_WARN_STRICT_PROTOTYPES = YES;
				CLANG_WARN_SUSPICIOUS_MOVE = YES;
				CLANG_WARN_UNGUARDED_AVAILABILITY = YES_AGGRESSIVE;
				CLANG_WARN_UNREACHABLE_CODE = YES;
				CLANG_WARN__DUPLICATE_METHOD_MATCH = YES;
				COPY_PHASE_STRIP = NO;
				DEBUG_INFORMATION_FORMAT = "dwarf-with-dsym";
				ENABLE_NS_ASSERTIONS = NO;
				ENABLE_STRICT_OBJC_MSGSEND = YES;
				GCC_C_LANGUAGE_STANDARD = gnu11;
				GCC_NO_COMMON_BLOCKS = YES;
				GCC_WARN_64_TO_32_BIT_CONVERSION = YES;
				GCC_WARN_ABOUT_RETURN_TYPE = YES_ERROR;
				GCC_WARN_UNDECLARED_SELECTOR = YES;
				GCC_WARN_UNINITIALIZED_AUTOS = YES_AGGRESSIVE;
				GCC_WARN_UNUSED_FUNCTION = YES;
				GCC_WARN_UNUSED_VARIABLE = YES;
				IPHONEOS_DEPLOYMENT_TARGET = 16.4;
				MTL_ENABLE_DEBUG_INFO = NO;
				MTL_FAST_MATH = YES;
				SDKROOT = iphoneos;
				SWIFT_COMPILATION_MODE = wholemodule;
				SWIFT_OPTIMIZATION_LEVEL = "-O";
				VALIDATE_PRODUCT = YES;
			};
			name = Release;
		};
		E48D57E42B4EF82D006DC1C4 /* Debug */ = {
			isa = XCBuildConfiguration;
			buildSettings = {
				ASSETCATALOG_COMPILER_APPICON_NAME = AppIcon;
				ASSETCATALOG_COMPILER_GLOBAL_ACCENT_COLOR_NAME = AccentColor;
				CODE_SIGN_STYLE = Automatic;
				CURRENT_PROJECT_VERSION = 1;
				DEVELOPMENT_TEAM = 338U6KBSVH;
				GENERATE_INFOPLIST_FILE = YES;
				INFOPLIST_FILE = DerDieDas/Info.plist;
				INFOPLIST_KEY_UIApplicationSupportsIndirectInputEvents = YES;
				INFOPLIST_KEY_UILaunchStoryboardName = LaunchScreen;
				INFOPLIST_KEY_UISupportedInterfaceOrientations_iPad = "UIInterfaceOrientationPortrait UIInterfaceOrientationPortraitUpsideDown UIInterfaceOrientationLandscapeLeft UIInterfaceOrientationLandscapeRight";
				INFOPLIST_KEY_UISupportedInterfaceOrientations_iPhone = "UIInterfaceOrientationPortrait UIInterfaceOrientationLandscapeLeft UIInterfaceOrientationLandscapeRight";
				LD_RUNPATH_SEARCH_PATHS = (
					"$(inherited)",
					"@executable_path/Frameworks",
				);
				MARKETING_VERSION = 1.0;
				PRODUCT_BUNDLE_IDENTIFIER = com.sulekaptan.DerDieDas;
				PRODUCT_NAME = "$(TARGET_NAME)";
				SWIFT_EMIT_LOC_STRINGS = YES;
				SWIFT_VERSION = 5.0;
				TARGETED_DEVICE_FAMILY = "1,2";
			};
			name = Debug;
		};
		E48D57E52B4EF82D006DC1C4 /* Release */ = {
			isa = XCBuildConfiguration;
			buildSettings = {
				ASSETCATALOG_COMPILER_APPICON_NAME = AppIcon;
				ASSETCATALOG_COMPILER_GLOBAL_ACCENT_COLOR_NAME = AccentColor;
				CODE_SIGN_STYLE = Automatic;
				CURRENT_PROJECT_VERSION = 1;
				DEVELOPMENT_TEAM = 338U6KBSVH;
				GENERATE_INFOPLIST_FILE = YES;
				INFOPLIST_FILE = DerDieDas/Info.plist;
				INFOPLIST_KEY_UIApplicationSupportsIndirectInputEvents = YES;
				INFOPLIST_KEY_UILaunchStoryboardName = LaunchScreen;
				INFOPLIST_KEY_UISupportedInterfaceOrientations_iPad = "UIInterfaceOrientationPortrait UIInterfaceOrientationPortraitUpsideDown UIInterfaceOrientationLandscapeLeft UIInterfaceOrientationLandscapeRight";
				INFOPLIST_KEY_UISupportedInterfaceOrientations_iPhone = "UIInterfaceOrientationPortrait UIInterfaceOrientationLandscapeLeft UIInterfaceOrientationLandscapeRight";
				LD_RUNPATH_SEARCH_PATHS = (
					"$(inherited)",
					"@executable_path/Frameworks",
				);
				MARKETING_VERSION = 1.0;
				PRODUCT_BUNDLE_IDENTIFIER = com.sulekaptan.DerDieDas;
				PRODUCT_NAME = "$(TARGET_NAME)";
				SWIFT_EMIT_LOC_STRINGS = YES;
				SWIFT_VERSION = 5.0;
				TARGETED_DEVICE_FAMILY = "1,2";
			};
			name = Release;
		};
/* End XCBuildConfiguration section */

/* Begin XCConfigurationList section */
		E48D57CA2B4EF82C006DC1C4 /* Build configuration list for PBXProject "DerDieDas" */ = {
			isa = XCConfigurationList;
			buildConfigurations = (
				E48D57E12B4EF82D006DC1C4 /* Debug */,
				E48D57E22B4EF82D006DC1C4 /* Release */,
			);
			defaultConfigurationIsVisible = 0;
			defaultConfigurationName = Release;
		};
		E48D57E32B4EF82D006DC1C4 /* Build configuration list for PBXNativeTarget "DerDieDas" */ = {
			isa = XCConfigurationList;
			buildConfigurations = (
				E48D57E42B4EF82D006DC1C4 /* Debug */,
				E48D57E52B4EF82D006DC1C4 /* Release */,
			);
			defaultConfigurationIsVisible = 0;
			defaultConfigurationName = Release;
		};
/* End XCConfigurationList section */
	};
	rootObject = E48D57C72B4EF82C006DC1C4 /* Project object */;
}
